<?xml version="1.0" encoding="utf-8"?>
<Project ToolsVersion="4.0" xmlns="http://schemas.microsoft.com/developer/msbuild/2003">
  <ItemGroup>
    <Filter Include="Source Files">
      <UniqueIdentifier>{7ddcc99e-17c7-48fd-936d-c0a0481d9220}</UniqueIdentifier>
      <Extensions>cpp;c;cxx;rc;def;r;odl;idl;hpj;bat;for;f90</Extensions>
    </Filter>
    <Filter Include="Header Files">
      <UniqueIdentifier>{1a1939bf-f4cd-44fb-a925-0f1618d2259f}</UniqueIdentifier>
      <Extensions>h;hpp;hxx;hm;inl;fi;fd</Extensions>
    </Filter>
    <Filter Include="Resource Files">
      <UniqueIdentifier>{3104381a-dd7f-456b-ab47-5ce4f4a2d3a8}</UniqueIdentifier>
      <Extensions>ico;cur;bmp;dlg;rc2;rct;bin;cnt;rtf;gif;jpg;jpeg;jpe</Extensions>
    </Filter>
  </ItemGroup>
  <ItemGroup>
    <ClCompile Include="..\expat\xmltok\dllmain.c">
      <Filter>Source Files</Filter>
    </ClCompile>
    <ClCompile Include="..\expat\xmltok\xmlrole.c">
      <Filter>Source Files</Filter>
    </ClCompile>
    <ClCompile Include="..\expat\xmltok\xmltok.c">
      <Filter>Source Files</Filter>
    </ClCompile>
    <ClCompile Include="..\expat\xmltok\xmltok_impl.c">
      <Filter>Header Files</Filter>
    </ClCompile>
    <ClCompile Include="..\expat\xmltok\xmltok_ns.c">
      <Filter>Header Files</Filter>
    </ClCompile>
  </ItemGroup>
  <ItemGroup>
    <ClInclude Include="..\expat\xmltok\asciitab.h">
      <Filter>Header Files</Filter>
    </ClInclude>
    <ClInclude Include="..\expat\xmltok\iasciitab.h">
      <Filter>Header Files</Filter>
    </ClInclude>
    <ClInclude Include="..\expat\xmltok\latin1tab.h">
      <Filter>Header Files</Filter>
    </ClInclude>
    <ClInclude Include="..\expat\xmltok\utf8tab.h">
      <Filter>Header Files</Filter>
    </ClInclude>
    <ClInclude Include="..\expat\xmltok\xmldef.h">
      <Filter>Header Files</Filter>
    </ClInclude>
    <ClInclude Include="..\expat\xmltok\xmlrole.h">
      <Filter>Header Files</Filter>
    </ClInclude>
    <ClInclude Include="..\expat\xmltok\xmltok.h">
      <Filter>Header Files</Filter>
    </ClInclude>
    <ClInclude Include="..\expat\xmltok\xmltok_impl.h">
      <Filter>Header Files</Filter>
    </ClInclude>
  </ItemGroup>
  <ItemGroup>
    <CustomBuild Include="..\expat\gennmtab\gennmtab.c">
      <Filter>Source Files</Filter>
    </CustomBuild>
  </ItemGroup>
</Project>