
Microsoft Visual Studio Solution File, Format Version 10.00
# Visual Studio 2008
Project("{8BC9CEB8-8B4A-11D0-8D11-00A0C91BC942}") = "cmark", "cmark.vcproj", "{0FFFDD0F-2662-4E80-90F2-DCE35926410C}"
	ProjectSection(ProjectDependencies) = postProject
		{A66595B9-2FD4-4103-8D61-3A93AD304D78} = {A66595B9-2FD4-4103-8D61-3A93AD304D78}
	EndProjectSection
EndProject
Project("{8BC9CEB8-8B4A-11D0-8D11-00A0C91BC942}") = "libcmark", "libcmark.vcproj", "{A66595B9-2FD4-4103-8D61-3A93AD304D78}"
EndProject
Project("{8BC9CEB8-8B4A-11D0-8D11-00A0C91BC942}") = "cm2html", "cm2html.vcproj", "{0DF9F1FC-9A93-498B-BB5D-0A6948284CA5}"
	ProjectSection(ProjectDependencies) = postProject
		{A66595B9-2FD4-4103-8D61-3A93AD304D78} = {A66595B9-2FD4-4103-8D61-3A93AD304D78}
	EndProjectSection
EndProject
Project("{8BC9CEB8-8B4A-11D0-8D11-00A0C91BC942}") = "xmlout", "xmlout.vcproj", "{74473D16-608A-469F-B010-E68C6BF7A88D}"
	ProjectSection(ProjectDependencies) = postProject
		{62B23D40-B879-40C7-9E2A-5D8E370DA1E4} = {62B23D40-B879-40C7-9E2A-5D8E370DA1E4}
	EndProjectSection
EndProject
Project("{8BC9CEB8-8B4A-11D0-8D11-00A0C91BC942}") = "xmlin", "xmlin.vcproj", "{1925F442-9B82-461E-A1CE-EED3AF40AD13}"
	ProjectSection(ProjectDependencies) = postProject
		{62B23D40-B879-40C7-9E2A-5D8E370DA1E4} = {62B23D40-B879-40C7-9E2A-5D8E370DA1E4}
		{35C506BA-53EB-49AC-9CE2-0793CC2971E5} = {35C506BA-53EB-49AC-9CE2-0793CC2971E5}
		{D4F277DA-E3C7-407B-B800-5582A273737F} = {D4F277DA-E3C7-407B-B800-5582A273737F}
	EndProjectSection
EndProject
Project("{8BC9CEB8-8B4A-11D0-8D11-00A0C91BC942}") = "txtin", "txtin.vcproj", "{10385CE4-AE77-4D38-8E08-D0270D97C431}"
	ProjectSection(ProjectDependencies) = postProject
		{62B23D40-B879-40C7-9E2A-5D8E370DA1E4} = {62B23D40-B879-40C7-9E2A-5D8E370DA1E4}
	EndProjectSection
EndProject
Project("{8BC9CEB8-8B4A-11D0-8D11-00A0C91BC942}") = "libesis", "libesis.vcproj", "{62B23D40-B879-40C7-9E2A-5D8E370DA1E4}"
EndProject
Project("{8BC9CEB8-8B4A-11D0-8D11-00A0C91BC942}") = "cmark_filter", "cmark_filter.vcproj", "{7DFB9059-1ABC-4850-BB33-ABDCE4005B60}"
	ProjectSection(ProjectDependencies) = postProject
		{62B23D40-B879-40C7-9E2A-5D8E370DA1E4} = {62B23D40-B879-40C7-9E2A-5D8E370DA1E4}
		{A66595B9-2FD4-4103-8D61-3A93AD304D78} = {A66595B9-2FD4-4103-8D61-3A93AD304D78}
	EndProjectSection
EndProject
Project("{2150E333-8FDC-42A3-9474-1A3956D46DE8}") = "ESIS Tools", "ESIS Tools", "{281F3E6E-FC25-4317-9E17-93F73194C479}"
EndProject
Project("{2150E333-8FDC-42A3-9474-1A3956D46DE8}") = "Document Generator", "Document Generator", "{7400990C-C8C4-45B9-A8E3-A37A56833B6A}"
EndProject
Project("{2150E333-8FDC-42A3-9474-1A3956D46DE8}") = "Expat 1.2", "Expat 1.2", "{9104420B-759E-413D-AA4F-CD6F19406D99}"
EndProject
Project("{8BC9CEB8-8B4A-11D0-8D11-00A0C91BC942}") = "xmlparse", "xmlparse.vcproj", "{35C506BA-53EB-49AC-9CE2-0793CC2971E5}"
	ProjectSection(ProjectDependencies) = postProject
		{D4F277DA-E3C7-407B-B800-5582A273737F} = {D4F277DA-E3C7-407B-B800-5582A273737F}
	EndProjectSection
EndProject
Project("{8BC9CEB8-8B4A-11D0-8D11-00A0C91BC942}") = "xmlwf", "xmlwf.vcproj", "{157FE769-1EEC-4713-AE27-D354336D0CA4}"
	ProjectSection(ProjectDependencies) = postProject
		{35C506BA-53EB-49AC-9CE2-0793CC2971E5} = {35C506BA-53EB-49AC-9CE2-0793CC2971E5}
		{D4F277DA-E3C7-407B-B800-5582A273737F} = {D4F277DA-E3C7-407B-B800-5582A273737F}
	EndProjectSection
EndProject
Project("{8BC9CEB8-8B4A-11D0-8D11-00A0C91BC942}") = "xmltok", "xmltok.vcproj", "{D4F277DA-E3C7-407B-B800-5582A273737F}"
	ProjectSection(ProjectDependencies) = postProject
		{644A28A3-B823-47DE-88D0-E7562DCEF17B} = {644A28A3-B823-47DE-88D0-E7562DCEF17B}
	EndProjectSection
EndProject
Project("{8BC9CEB8-8B4A-11D0-8D11-00A0C91BC942}") = "gennmtab", "gennmtab.vcproj", "{644A28A3-B823-47DE-88D0-E7562DCEF17B}"
EndProject
Project("{2150E333-8FDC-42A3-9474-1A3956D46DE8}") = "CommonMark Implementation", "CommonMark Implementation", "{E52F4E82-7158-4EFB-A81B-112D0CD7C601}"
EndProject
Project("{8BC9CEB8-8B4A-11D0-8D11-00A0C91BC942}") = "cm2doc", "cm2doc.vcproj", "{DD83EE5C-D755-4E01-914B-32A8ADE0727A}"
	ProjectSection(ProjectDependencies) = postProject
		{62B23D40-B879-40C7-9E2A-5D8E370DA1E4} = {62B23D40-B879-40C7-9E2A-5D8E370DA1E4}
		{A66595B9-2FD4-4103-8D61-3A93AD304D78} = {A66595B9-2FD4-4103-8D61-3A93AD304D78}
	EndProjectSection
EndProject
Global
	GlobalSection(SolutionConfigurationPlatforms) = preSolution
		Debug|Win32 = Debug|Win32
		MinSize|Win32 = MinSize|Win32
		Release_MT|Win32 = Release_MT|Win32
		Release|Win32 = Release|Win32
	EndGlobalSection
	GlobalSection(ProjectConfigurationPlatforms) = postSolution
		{0FFFDD0F-2662-4E80-90F2-DCE35926410C}.Debug|Win32.ActiveCfg = Debug|Win32
		{0FFFDD0F-2662-4E80-90F2-DCE35926410C}.Debug|Win32.Build.0 = Debug|Win32
		{0FFFDD0F-2662-4E80-90F2-DCE35926410C}.MinSize|Win32.ActiveCfg = Release_MT|Win32
		{0FFFDD0F-2662-4E80-90F2-DCE35926410C}.MinSize|Win32.Build.0 = Release_MT|Win32
		{0FFFDD0F-2662-4E80-90F2-DCE35926410C}.Release_MT|Win32.ActiveCfg = Release_MT|Win32
		{0FFFDD0F-2662-4E80-90F2-DCE35926410C}.Release_MT|Win32.Build.0 = Release_MT|Win32
		{0FFFDD0F-2662-4E80-90F2-DCE35926410C}.Release|Win32.ActiveCfg = Release|Win32
		{0FFFDD0F-2662-4E80-90F2-DCE35926410C}.Release|Win32.Build.0 = Release|Win32
		{A66595B9-2FD4-4103-8D61-3A93AD304D78}.Debug|Win32.ActiveCfg = Debug|Win32
		{A66595B9-2FD4-4103-8D61-3A93AD304D78}.Debug|Win32.Build.0 = Debug|Win32
		{A66595B9-2FD4-4103-8D61-3A93AD304D78}.MinSize|Win32.ActiveCfg = Release_MT|Win32
		{A66595B9-2FD4-4103-8D61-3A93AD304D78}.MinSize|Win32.Build.0 = Release_MT|Win32
		{A66595B9-2FD4-4103-8D61-3A93AD304D78}.Release_MT|Win32.ActiveCfg = Release_MT|Win32
		{A66595B9-2FD4-4103-8D61-3A93AD304D78}.Release_MT|Win32.Build.0 = Release_MT|Win32
		{A66595B9-2FD4-4103-8D61-3A93AD304D78}.Release|Win32.ActiveCfg = Release|Win32
		{A66595B9-2FD4-4103-8D61-3A93AD304D78}.Release|Win32.Build.0 = Release|Win32
		{0DF9F1FC-9A93-498B-BB5D-0A6948284CA5}.Debug|Win32.ActiveCfg = Debug|Win32
		{0DF9F1FC-9A93-498B-BB5D-0A6948284CA5}.Debug|Win32.Build.0 = Debug|Win32
		{0DF9F1FC-9A93-498B-BB5D-0A6948284CA5}.MinSize|Win32.ActiveCfg = Release_MT|Win32
		{0DF9F1FC-9A93-498B-BB5D-0A6948284CA5}.MinSize|Win32.Build.0 = Release_MT|Win32
		{0DF9F1FC-9A93-498B-BB5D-0A6948284CA5}.Release_MT|Win32.ActiveCfg = Release_MT|Win32
		{0DF9F1FC-9A93-498B-BB5D-0A6948284CA5}.Release_MT|Win32.Build.0 = Release_MT|Win32
		{0DF9F1FC-9A93-498B-BB5D-0A6948284CA5}.Release|Win32.ActiveCfg = Release|Win32
		{0DF9F1FC-9A93-498B-BB5D-0A6948284CA5}.Release|Win32.Build.0 = Release|Win32
		{74473D16-608A-469F-B010-E68C6BF7A88D}.Debug|Win32.ActiveCfg = Debug|Win32
		{74473D16-608A-469F-B010-E68C6BF7A88D}.Debug|Win32.Build.0 = Debug|Win32
		{74473D16-608A-469F-B010-E68C6BF7A88D}.MinSize|Win32.ActiveCfg = Release_MT|Win32
		{74473D16-608A-469F-B010-E68C6BF7A88D}.MinSize|Win32.Build.0 = Release_MT|Win32
		{74473D16-608A-469F-B010-E68C6BF7A88D}.Release_MT|Win32.ActiveCfg = Release_MT|Win32
		{74473D16-608A-469F-B010-E68C6BF7A88D}.Release_MT|Win32.Build.0 = Release_MT|Win32
		{74473D16-608A-469F-B010-E68C6BF7A88D}.Release|Win32.ActiveCfg = Release|Win32
		{74473D16-608A-469F-B010-E68C6BF7A88D}.Release|Win32.Build.0 = Release|Win32
		{1925F442-9B82-461E-A1CE-EED3AF40AD13}.Debug|Win32.ActiveCfg = Debug|Win32
		{1925F442-9B82-461E-A1CE-EED3AF40AD13}.Debug|Win32.Build.0 = Debug|Win32
		{1925F442-9B82-461E-A1CE-EED3AF40AD13}.MinSize|Win32.ActiveCfg = Release_MT|Win32
		{1925F442-9B82-461E-A1CE-EED3AF40AD13}.MinSize|Win32.Build.0 = Release_MT|Win32
		{1925F442-9B82-461E-A1CE-EED3AF40AD13}.Release_MT|Win32.ActiveCfg = Release_MT|Win32
		{1925F442-9B82-461E-A1CE-EED3AF40AD13}.Release_MT|Win32.Build.0 = Release_MT|Win32
		{1925F442-9B82-461E-A1CE-EED3AF40AD13}.Release|Win32.ActiveCfg = Release|Win32
		{1925F442-9B82-461E-A1CE-EED3AF40AD13}.Release|Win32.Build.0 = Release|Win32
		{10385CE4-AE77-4D38-8E08-D0270D97C431}.Debug|Win32.ActiveCfg = Debug|Win32
		{10385CE4-AE77-4D38-8E08-D0270D97C431}.Debug|Win32.Build.0 = Debug|Win32
		{10385CE4-AE77-4D38-8E08-D0270D97C431}.MinSize|Win32.ActiveCfg = Release_MT|Win32
		{10385CE4-AE77-4D38-8E08-D0270D97C431}.MinSize|Win32.Build.0 = Release_MT|Win32
		{10385CE4-AE77-4D38-8E08-D0270D97C431}.Release_MT|Win32.ActiveCfg = Release_MT|Win32
		{10385CE4-AE77-4D38-8E08-D0270D97C431}.Release_MT|Win32.Build.0 = Release_MT|Win32
		{10385CE4-AE77-4D38-8E08-D0270D97C431}.Release|Win32.ActiveCfg = Release|Win32
		{10385CE4-AE77-4D38-8E08-D0270D97C431}.Release|Win32.Build.0 = Release|Win32
		{62B23D40-B879-40C7-9E2A-5D8E370DA1E4}.Debug|Win32.ActiveCfg = Debug|Win32
		{62B23D40-B879-40C7-9E2A-5D8E370DA1E4}.Debug|Win32.Build.0 = Debug|Win32
		{62B23D40-B879-40C7-9E2A-5D8E370DA1E4}.MinSize|Win32.ActiveCfg = Release_MT|Win32
		{62B23D40-B879-40C7-9E2A-5D8E370DA1E4}.MinSize|Win32.Build.0 = Release_MT|Win32
		{62B23D40-B879-40C7-9E2A-5D8E370DA1E4}.Release_MT|Win32.ActiveCfg = Release_MT|Win32
		{62B23D40-B879-40C7-9E2A-5D8E370DA1E4}.Release_MT|Win32.Build.0 = Release_MT|Win32
		{62B23D40-B879-40C7-9E2A-5D8E370DA1E4}.Release|Win32.ActiveCfg = Release|Win32
		{62B23D40-B879-40C7-9E2A-5D8E370DA1E4}.Release|Win32.Build.0 = Release|Win32
		{7DFB9059-1ABC-4850-BB33-ABDCE4005B60}.Debug|Win32.ActiveCfg = Debug|Win32
		{7DFB9059-1ABC-4850-BB33-ABDCE4005B60}.Debug|Win32.Build.0 = Debug|Win32
		{7DFB9059-1ABC-4850-BB33-ABDCE4005B60}.MinSize|Win32.ActiveCfg = Release_MT|Win32
		{7DFB9059-1ABC-4850-BB33-ABDCE4005B60}.MinSize|Win32.Build.0 = Release_MT|Win32
		{7DFB9059-1ABC-4850-BB33-ABDCE4005B60}.Release_MT|Win32.ActiveCfg = Release_MT|Win32
		{7DFB9059-1ABC-4850-BB33-ABDCE4005B60}.Release_MT|Win32.Build.0 = Release_MT|Win32
		{7DFB9059-1ABC-4850-BB33-ABDCE4005B60}.Release|Win32.ActiveCfg = Release|Win32
		{7DFB9059-1ABC-4850-BB33-ABDCE4005B60}.Release|Win32.Build.0 = Release|Win32
		{35C506BA-53EB-49AC-9CE2-0793CC2971E5}.Debug|Win32.ActiveCfg = Debug|Win32
		{35C506BA-53EB-49AC-9CE2-0793CC2971E5}.Debug|Win32.Build.0 = Debug|Win32
		{35C506BA-53EB-49AC-9CE2-0793CC2971E5}.MinSize|Win32.ActiveCfg = Release_MT|Win32
		{35C506BA-53EB-49AC-9CE2-0793CC2971E5}.MinSize|Win32.Build.0 = Release_MT|Win32
		{35C506BA-53EB-49AC-9CE2-0793CC2971E5}.Release_MT|Win32.ActiveCfg = Release_MT|Win32
		{35C506BA-53EB-49AC-9CE2-0793CC2971E5}.Release_MT|Win32.Build.0 = Release_MT|Win32
		{35C506BA-53EB-49AC-9CE2-0793CC2971E5}.Release|Win32.ActiveCfg = Release|Win32
		{35C506BA-53EB-49AC-9CE2-0793CC2971E5}.Release|Win32.Build.0 = Release|Win32
		{157FE769-1EEC-4713-AE27-D354336D0CA4}.Debug|Win32.ActiveCfg = Debug|Win32
		{157FE769-1EEC-4713-AE27-D354336D0CA4}.Debug|Win32.Build.0 = Debug|Win32
		{157FE769-1EEC-4713-AE27-D354336D0CA4}.MinSize|Win32.ActiveCfg = Release_MT|Win32
		{157FE769-1EEC-4713-AE27-D354336D0CA4}.MinSize|Win32.Build.0 = Release_MT|Win32
		{157FE769-1EEC-4713-AE27-D354336D0CA4}.Release_MT|Win32.ActiveCfg = Release_MT|Win32
		{157FE769-1EEC-4713-AE27-D354336D0CA4}.Release_MT|Win32.Build.0 = Release_MT|Win32
		{157FE769-1EEC-4713-AE27-D354336D0CA4}.Release|Win32.ActiveCfg = Release|Win32
		{157FE769-1EEC-4713-AE27-D354336D0CA4}.Release|Win32.Build.0 = Release|Win32
		{D4F277DA-E3C7-407B-B800-5582A273737F}.Debug|Win32.ActiveCfg = Debug|Win32
		{D4F277DA-E3C7-407B-B800-5582A273737F}.Debug|Win32.Build.0 = Debug|Win32
		{D4F277DA-E3C7-407B-B800-5582A273737F}.MinSize|Win32.ActiveCfg = Release_MT|Win32
		{D4F277DA-E3C7-407B-B800-5582A273737F}.MinSize|Win32.Build.0 = Release_MT|Win32
		{D4F277DA-E3C7-407B-B800-5582A273737F}.Release_MT|Win32.ActiveCfg = Release_MT|Win32
		{D4F277DA-E3C7-407B-B800-5582A273737F}.Release_MT|Win32.Build.0 = Release_MT|Win32
		{D4F277DA-E3C7-407B-B800-5582A273737F}.Release|Win32.ActiveCfg = Release|Win32
		{D4F277DA-E3C7-407B-B800-5582A273737F}.Release|Win32.Build.0 = Release|Win32
		{644A28A3-B823-47DE-88D0-E7562DCEF17B}.Debug|Win32.ActiveCfg = Debug|Win32
		{644A28A3-B823-47DE-88D0-E7562DCEF17B}.Debug|Win32.Build.0 = Debug|Win32
		{644A28A3-B823-47DE-88D0-E7562DCEF17B}.MinSize|Win32.ActiveCfg = Release_MT|Win32
		{644A28A3-B823-47DE-88D0-E7562DCEF17B}.MinSize|Win32.Build.0 = Release_MT|Win32
		{644A28A3-B823-47DE-88D0-E7562DCEF17B}.Release_MT|Win32.ActiveCfg = Release_MT|Win32
		{644A28A3-B823-47DE-88D0-E7562DCEF17B}.Release_MT|Win32.Build.0 = Release_MT|Win32
		{644A28A3-B823-47DE-88D0-E7562DCEF17B}.Release|Win32.ActiveCfg = Release|Win32
		{644A28A3-B823-47DE-88D0-E7562DCEF17B}.Release|Win32.Build.0 = Release|Win32
		{DD83EE5C-D755-4E01-914B-32A8ADE0727A}.Debug|Win32.ActiveCfg = Debug|Win32
		{DD83EE5C-D755-4E01-914B-32A8ADE0727A}.Debug|Win32.Build.0 = Debug|Win32
		{DD83EE5C-D755-4E01-914B-32A8ADE0727A}.MinSize|Win32.ActiveCfg = Release_MT|Win32
		{DD83EE5C-D755-4E01-914B-32A8ADE0727A}.MinSize|Win32.Build.0 = Release_MT|Win32
		{DD83EE5C-D755-4E01-914B-32A8ADE0727A}.Release_MT|Win32.ActiveCfg = Release_MT|Win32
		{DD83EE5C-D755-4E01-914B-32A8ADE0727A}.Release_MT|Win32.Build.0 = Release_MT|Win32
		{DD83EE5C-D755-4E01-914B-32A8ADE0727A}.Release|Win32.ActiveCfg = Release|Win32
		{DD83EE5C-D755-4E01-914B-32A8ADE0727A}.Release|Win32.Build.0 = Release|Win32
	EndGlobalSection
	GlobalSection(SolutionProperties) = preSolution
		HideSolutionNode = FALSE
	EndGlobalSection
	GlobalSection(NestedProjects) = preSolution
		{A66595B9-2FD4-4103-8D61-3A93AD304D78} = {E52F4E82-7158-4EFB-A81B-112D0CD7C601}
		{0FFFDD0F-2662-4E80-90F2-DCE35926410C} = {E52F4E82-7158-4EFB-A81B-112D0CD7C601}
		{0DF9F1FC-9A93-498B-BB5D-0A6948284CA5} = {7400990C-C8C4-45B9-A8E3-A37A56833B6A}
		{DD83EE5C-D755-4E01-914B-32A8ADE0727A} = {7400990C-C8C4-45B9-A8E3-A37A56833B6A}
		{1925F442-9B82-461E-A1CE-EED3AF40AD13} = {281F3E6E-FC25-4317-9E17-93F73194C479}
		{10385CE4-AE77-4D38-8E08-D0270D97C431} = {281F3E6E-FC25-4317-9E17-93F73194C479}
		{62B23D40-B879-40C7-9E2A-5D8E370DA1E4} = {281F3E6E-FC25-4317-9E17-93F73194C479}
		{7DFB9059-1ABC-4850-BB33-ABDCE4005B60} = {281F3E6E-FC25-4317-9E17-93F73194C479}
		{74473D16-608A-469F-B010-E68C6BF7A88D} = {281F3E6E-FC25-4317-9E17-93F73194C479}
		{35C506BA-53EB-49AC-9CE2-0793CC2971E5} = {9104420B-759E-413D-AA4F-CD6F19406D99}
		{157FE769-1EEC-4713-AE27-D354336D0CA4} = {9104420B-759E-413D-AA4F-CD6F19406D99}
		{D4F277DA-E3C7-407B-B800-5582A273737F} = {9104420B-759E-413D-AA4F-CD6F19406D99}
		{644A28A3-B823-47DE-88D0-E7562DCEF17B} = {9104420B-759E-413D-AA4F-CD6F19406D99}
	EndGlobalSection
EndGlobal
